
Microsoft Visual Studio Solution File, Format Version 12.00
# Visual Studio Version 17
VisualStudioVersion = 17.11.35219.272
MinimumVisualStudioVersion = 10.0.40219.1
Project("{FAE04EC0-301F-11D3-BF4B-00C04F79EFBC}") = "Platform Game", "Platform Game.csproj", "{F2D731A2-B9E1-4F7A-BB83-134ACFC3AEC6}"
EndProject
Global
	GlobalSection(SolutionConfigurationPlatforms) = preSolution
		Debug|Any CPU = Debug|Any CPU
		Release|Any CPU = Release|Any CPU
	EndGlobalSection
	GlobalSection(ProjectConfigurationPlatforms) = postSolution
		{F2D731A2-B9E1-4F7A-BB83-134ACFC3AEC6}.Debug|Any CPU.ActiveCfg = Debug|Any CPU
		{F2D731A2-B9E1-4F7A-BB83-134ACFC3AEC6}.Debug|Any CPU.Build.0 = Debug|Any CPU
		{F2D731A2-B9E1-4F7A-BB83-134ACFC3AEC6}.Release|Any CPU.ActiveCfg = Release|Any CPU
		{F2D731A2-B9E1-4F7A-BB83-134ACFC3AEC6}.Release|Any CPU.Build.0 = Release|Any CPU
	EndGlobalSection
	GlobalSection(SolutionProperties) = preSolution
		HideSolutionNode = FALSE
	EndGlobalSection
	GlobalSection(ExtensibilityGlobals) = postSolution
		SolutionGuid = {DD1E0168-6B35-4CEB-8FF3-402A13A8C0B3}
	EndGlobalSection
EndGlobal
